{
    "name": "crud-vue-core",
    "version": "1.0.0",
    "lockfileVersion": 2,
    "requires": true,
    "packages": {
        "": {
            "name": "crud-vue-core",
            "version": "1.0.0",
            "license": "ISC",
            "dependencies": {
                "jquery": "^3.6.0",
                "node-package": "^1.4.0",
                "vue": "^2.6.14"
            }
        },
        "node_modules/@abraham/reflection": {
            "version": "0.7.0",
            "resolved": "https://registry.npmjs.org/@abraham/reflection/-/reflection-0.7.0.tgz",
            "integrity": "sha512-W4V4I0PzxeWCiMKnS4n4x3Fzb8cQp2qlmBO7RACS/00YsvIgijjcBz5Mp3P1PPP9vSzpbmi0qwuVYZ4twXKwxg=="
        },
        "node_modules/@abraham/remotedata": {
            "version": "0.8.0",
            "resolved": "https://registry.npmjs.org/@abraham/remotedata/-/remotedata-0.8.0.tgz",
            "integrity": "sha512-oUKQlrfE8x7xwKatwfjDR+a6OAgqpZ0McJAMg19uBpJ6ljYhApOzqppUFn8zpDe1hNaRXsVvSVtuFBHC+od+vQ=="
        },
        "node_modules/@nutmeg/seed": {
            "version": "0.17.0",
            "resolved": "https://registry.npmjs.org/@nutmeg/seed/-/seed-0.17.0.tgz",
            "integrity": "sha512-VQFZomRTUZUFAIz+uCQAqgX2EGd8YDtQua2ddqSFL/oUN5b2Ocb+gjZnSKH5kz2IdsIPvoxaWK0AQNekLSMzRQ==",
            "dependencies": {
                "@abraham/reflection": "0.7.0",
                "lit-html": "1.1.2"
            },
            "engines": {
                "node": "12"
            }
        },
        "node_modules/jquery": {
            "version": "3.6.0",
            "resolved": "https://registry.npmjs.org/jquery/-/jquery-3.6.0.tgz",
            "integrity": "sha512-JVzAR/AjBvVt2BmYhxRCSYysDsPcssdmTFnzyLEts9qNwmjmu4JTAMYubEfwVOSwpQ1I1sKKFcxhZCI2buerfw=="
        },
        "node_modules/lit-html": {
            "version": "1.1.2",
            "resolved": "https://registry.npmjs.org/lit-html/-/lit-html-1.1.2.tgz",
            "integrity": "sha512-FFlUMKHKi+qG1x1iHNZ1hrtc/zHmfYTyrSvs3/wBTvaNtpZjOZGWzU7efGYVpgp6KvWeKF6ql9/KsCq6Z/mEDA=="
        },
        "node_modules/node-package": {
            "version": "1.4.0",
            "resolved": "https://registry.npmjs.org/node-package/-/node-package-1.4.0.tgz",
            "integrity": "sha512-6zSN7rv8Qkm61EB1avFfP+z6KEM5VNc8svxwayGSH0s/AzsutKgSmGyrAieo7xqCt76xYn+dc1zjO99LMqe4EA==",
            "dependencies": {
                "@abraham/remotedata": "0.8.0",
                "@nutmeg/seed": "0.17.0",
                "lit-html": "1.1.2"
            },
            "engines": {
                "node": ">=8.0.0"
            }
        },
        "node_modules/vue": {
            "version": "2.6.14",
            "resolved": "https://registry.npmjs.org/vue/-/vue-2.6.14.tgz",
            "integrity": "sha512-x2284lgYvjOMj3Za7kqzRcUSxBboHqtgRE2zlos1qWaOye5yUmHn42LB1250NJBLRwEcdrB0JRwyPTEPhfQjiQ=="
        }
    },
    "dependencies": {
        "@abraham/reflection": {
            "version": "0.7.0",
            "resolved": "https://registry.npmjs.org/@abraham/reflection/-/reflection-0.7.0.tgz",
            "integrity": "sha512-W4V4I0PzxeWCiMKnS4n4x3Fzb8cQp2qlmBO7RACS/00YsvIgijjcBz5Mp3P1PPP9vSzpbmi0qwuVYZ4twXKwxg=="
        },
        "@abraham/remotedata": {
            "version": "0.8.0",
            "resolved": "https://registry.npmjs.org/@abraham/remotedata/-/remotedata-0.8.0.tgz",
            "integrity": "sha512-oUKQlrfE8x7xwKatwfjDR+a6OAgqpZ0McJAMg19uBpJ6ljYhApOzqppUFn8zpDe1hNaRXsVvSVtuFBHC+od+vQ=="
        },
        "@nutmeg/seed": {
            "version": "0.17.0",
            "resolved": "https://registry.npmjs.org/@nutmeg/seed/-/seed-0.17.0.tgz",
            "integrity": "sha512-VQFZomRTUZUFAIz+uCQAqgX2EGd8YDtQua2ddqSFL/oUN5b2Ocb+gjZnSKH5kz2IdsIPvoxaWK0AQNekLSMzRQ==",
            "requires": {
                "@abraham/reflection": "0.7.0",
                "lit-html": "1.1.2"
            }
        },
        "jquery": {
            "version": "3.6.0",
            "resolved": "https://registry.npmjs.org/jquery/-/jquery-3.6.0.tgz",
            "integrity": "sha512-JVzAR/AjBvVt2BmYhxRCSYysDsPcssdmTFnzyLEts9qNwmjmu4JTAMYubEfwVOSwpQ1I1sKKFcxhZCI2buerfw=="
        },
        "lit-html": {
            "version": "1.1.2",
            "resolved": "https://registry.npmjs.org/lit-html/-/lit-html-1.1.2.tgz",
            "integrity": "sha512-FFlUMKHKi+qG1x1iHNZ1hrtc/zHmfYTyrSvs3/wBTvaNtpZjOZGWzU7efGYVpgp6KvWeKF6ql9/KsCq6Z/mEDA=="
        },
        "node-package": {
            "version": "1.4.0",
            "resolved": "https://registry.npmjs.org/node-package/-/node-package-1.4.0.tgz",
            "integrity": "sha512-6zSN7rv8Qkm61EB1avFfP+z6KEM5VNc8svxwayGSH0s/AzsutKgSmGyrAieo7xqCt76xYn+dc1zjO99LMqe4EA==",
            "requires": {
                "@abraham/remotedata": "0.8.0",
                "@nutmeg/seed": "0.17.0",
                "lit-html": "1.1.2"
            }
        },
        "vue": {
            "version": "2.6.14",
            "resolved": "https://registry.npmjs.org/vue/-/vue-2.6.14.tgz",
            "integrity": "sha512-x2284lgYvjOMj3Za7kqzRcUSxBboHqtgRE2zlos1qWaOye5yUmHn42LB1250NJBLRwEcdrB0JRwyPTEPhfQjiQ=="
        }
    }
}
